{
  "name": "backend",
  "lockfileVersion": 2,
  "requires": true,
  "packages": {
    "": {
      "dependencies": {
        "aesthetic-css": "^1.0.1"
      }
    },
    "node_modules/aesthetic-css": {
      "version": "1.0.1",
      "resolved": "https://registry.npmjs.org/aesthetic-css/-/aesthetic-css-1.0.1.tgz",
      "integrity": "sha512-mDTL2v6ifID20eOjeF8Bwq7Lc4rmaNVegzEd+pD7nVezibfy9tgKIGggmJl/Iaohr2hcA4WYScuZYX4TAWZnmA=="
    }
  },
  "dependencies": {
    "aesthetic-css": {
      "version": "1.0.1",
      "resolved": "https://registry.npmjs.org/aesthetic-css/-/aesthetic-css-1.0.1.tgz",
      "integrity": "sha512-mDTL2v6ifID20eOjeF8Bwq7Lc4rmaNVegzEd+pD7nVezibfy9tgKIGggmJl/Iaohr2hcA4WYScuZYX4TAWZnmA=="
    }
  }
}
